github.com/aaronland/go-aws-session v0.0.4 h1:GddU3E4pXAm3JWVjcdgyYhdGaWSRtiZl6Iwwt7+OLcU=
github.com/aaronland/go-aws-session v0.0.4/go.mod h1:1OD+6F7D052nJMkz2tLx5FvMVpreAVU0ye9ur5O+nno=
github.com/aaronland/go-string v0.1.1 h1:btdr18owWCBN14ojKx3p+PBCKfm9qIggYEguPLUb2wE=
github.com/aaronland/go-string v0.1.1/go.mod h1:2aMIWdTqk63jZsaLLy+p9dsB1MDRqx4sHYoLtkwyYUo=
github.com/aws/aws-sdk-go v1.25.34/go.mod h1:KmX6BPdI08NWTb3/sm4ZGu5ShLoqVDhKgpiN924inxo=
github.com/aws/aws-sdk-go v1.26.2 h1:MzYLmCeny4bMQcAbYcucIduVZKp0sEf1eRLvHpKI5Is=
github.com/aws/aws-sdk-go v1.26.2/go.mod h1:KmX6BPdI08NWTb3/sm4ZGu5ShLoqVDhKgpiN924inxo=
github.com/jmespath/go-jmespath v0.0.0-20180206201540-c2b33e8439af h1:pmfjZENx5imkbgOkpRUYLnmbU7UEFbjtDA2hxJ1ichM=
github.com/jmespath/go-jmespath v0.0.0-20180206201540-c2b33e8439af/go.mod h1:Nht3zPeWKUH0NzdCt2Blrr5ys8VGpn0CEB0cQHVjt7k=
